
Microsoft Visual Studio Solution File, Format Version 12.00
# Visual Studio Version 16
VisualStudioVersion = 16.0.30804.86
MinimumVisualStudioVersion = 10.0.40219.1
Project("{FAE04EC0-301F-11D3-BF4B-00C04F79EFBC}") = "UF3-EJ1", "UF3-EJ1\UF3-EJ1.csproj", "{AAB66B6E-61DC-4347-B2F7-C1D1758B9738}"
EndProject
Global
	GlobalSection(SolutionConfigurationPlatforms) = preSolution
		Debug|Any CPU = Debug|Any CPU
		Release|Any CPU = Release|Any CPU
	EndGlobalSection
	GlobalSection(ProjectConfigurationPlatforms) = postSolution
		{AAB66B6E-61DC-4347-B2F7-C1D1758B9738}.Debug|Any CPU.ActiveCfg = Debug|Any CPU
		{AAB66B6E-61DC-4347-B2F7-C1D1758B9738}.Debug|Any CPU.Build.0 = Debug|Any CPU
		{AAB66B6E-61DC-4347-B2F7-C1D1758B9738}.Release|Any CPU.ActiveCfg = Release|Any CPU
		{AAB66B6E-61DC-4347-B2F7-C1D1758B9738}.Release|Any CPU.Build.0 = Release|Any CPU
	EndGlobalSection
	GlobalSection(SolutionProperties) = preSolution
		HideSolutionNode = FALSE
	EndGlobalSection
	GlobalSection(ExtensibilityGlobals) = postSolution
		SolutionGuid = {716D8445-A87A-463E-9B1F-F9587AA4A7C4}
	EndGlobalSection
EndGlobal
