
Microsoft Visual Studio Solution File, Format Version 12.00
# Visual Studio Version 16
VisualStudioVersion = 16.0.30804.86
MinimumVisualStudioVersion = 10.0.40219.1
Project("{FAE04EC0-301F-11D3-BF4B-00C04F79EFBC}") = "UF3-EJ2", "UF3-EJ2\UF3-EJ2.csproj", "{2B37D7C6-CAB6-4F1D-99F2-320117F6AF2C}"
EndProject
Global
	GlobalSection(SolutionConfigurationPlatforms) = preSolution
		Debug|Any CPU = Debug|Any CPU
		Release|Any CPU = Release|Any CPU
	EndGlobalSection
	GlobalSection(ProjectConfigurationPlatforms) = postSolution
		{2B37D7C6-CAB6-4F1D-99F2-320117F6AF2C}.Debug|Any CPU.ActiveCfg = Debug|Any CPU
		{2B37D7C6-CAB6-4F1D-99F2-320117F6AF2C}.Debug|Any CPU.Build.0 = Debug|Any CPU
		{2B37D7C6-CAB6-4F1D-99F2-320117F6AF2C}.Release|Any CPU.ActiveCfg = Release|Any CPU
		{2B37D7C6-CAB6-4F1D-99F2-320117F6AF2C}.Release|Any CPU.Build.0 = Release|Any CPU
	EndGlobalSection
	GlobalSection(SolutionProperties) = preSolution
		HideSolutionNode = FALSE
	EndGlobalSection
	GlobalSection(ExtensibilityGlobals) = postSolution
		SolutionGuid = {6D6C6BC1-8791-4AF6-8AAB-3488EF4A787E}
	EndGlobalSection
EndGlobal
